
Microsoft Visual Studio Solution File, Format Version 12.00
# Visual Studio Version 17
VisualStudioVersion = 17.4.33213.308
MinimumVisualStudioVersion = 10.0.40219.1
Project("{8BC9CEB8-8B4A-11D0-8D11-00A0C91BC942}") = "BTVN4", "BTVN4\BTVN4.vcxproj", "{F54FB327-7F0D-4949-8E01-A8AC3BFB2882}"
EndProject
Global
	GlobalSection(SolutionConfigurationPlatforms) = preSolution
		Debug|x64 = Debug|x64
		Debug|x86 = Debug|x86
		Release|x64 = Release|x64
		Release|x86 = Release|x86
	EndGlobalSection
	GlobalSection(ProjectConfigurationPlatforms) = postSolution
		{F54FB327-7F0D-4949-8E01-A8AC3BFB2882}.Debug|x64.ActiveCfg = Debug|x64
		{F54FB327-7F0D-4949-8E01-A8AC3BFB2882}.Debug|x64.Build.0 = Debug|x64
		{F54FB327-7F0D-4949-8E01-A8AC3BFB2882}.Debug|x86.ActiveCfg = Debug|Win32
		{F54FB327-7F0D-4949-8E01-A8AC3BFB2882}.Debug|x86.Build.0 = Debug|Win32
		{F54FB327-7F0D-4949-8E01-A8AC3BFB2882}.Release|x64.ActiveCfg = Release|x64
		{F54FB327-7F0D-4949-8E01-A8AC3BFB2882}.Release|x64.Build.0 = Release|x64
		{F54FB327-7F0D-4949-8E01-A8AC3BFB2882}.Release|x86.ActiveCfg = Release|Win32
		{F54FB327-7F0D-4949-8E01-A8AC3BFB2882}.Release|x86.Build.0 = Release|Win32
	EndGlobalSection
	GlobalSection(SolutionProperties) = preSolution
		HideSolutionNode = FALSE
	EndGlobalSection
	GlobalSection(ExtensibilityGlobals) = postSolution
		SolutionGuid = {3331DF9E-D644-406F-AD99-7F3F6E90E52E}
	EndGlobalSection
EndGlobal
